
Microsoft Visual Studio Solution File, Format Version 12.00
# Visual Studio Version 17
VisualStudioVersion = 17.13.35825.156 d17.13
MinimumVisualStudioVersion = 10.0.40219.1
Project("{FAE04EC0-301F-11D3-BF4B-00C04F79EFBC}") = "Gouveia-Michael-a3-game", "Gouveia-Michael-a3-game.csproj", "{F841B8E6-9C5C-41A5-AFF4-F36483D9D167}"
EndProject
Global
	GlobalSection(SolutionConfigurationPlatforms) = preSolution
		Debug|Any CPU = Debug|Any CPU
		Release|Any CPU = Release|Any CPU
	EndGlobalSection
	GlobalSection(ProjectConfigurationPlatforms) = postSolution
		{F841B8E6-9C5C-41A5-AFF4-F36483D9D167}.Debug|Any CPU.ActiveCfg = Debug|Any CPU
		{F841B8E6-9C5C-41A5-AFF4-F36483D9D167}.Debug|Any CPU.Build.0 = Debug|Any CPU
		{F841B8E6-9C5C-41A5-AFF4-F36483D9D167}.Release|Any CPU.ActiveCfg = Release|Any CPU
		{F841B8E6-9C5C-41A5-AFF4-F36483D9D167}.Release|Any CPU.Build.0 = Release|Any CPU
	EndGlobalSection
	GlobalSection(SolutionProperties) = preSolution
		HideSolutionNode = FALSE
	EndGlobalSection
	GlobalSection(ExtensibilityGlobals) = postSolution
		SolutionGuid = {B0D2D9A3-B04C-4B06-A611-A1AA29148609}
	EndGlobalSection
EndGlobal
